
Microsoft Visual Studio Solution File, Format Version 12.00
# Visual Studio Version 17
VisualStudioVersion = 17.4.33403.182
MinimumVisualStudioVersion = 10.0.40219.1
Project("{FAE04EC0-301F-11D3-BF4B-00C04F79EFBC}") = "CafePROGRAM(OOP)", "CafePROGRAM(OOP).csproj", "{43788498-3F55-4984-B02F-5B506650FF2F}"
EndProject
Global
	GlobalSection(SolutionConfigurationPlatforms) = preSolution
		Debug|Any CPU = Debug|Any CPU
		Release|Any CPU = Release|Any CPU
	EndGlobalSection
	GlobalSection(ProjectConfigurationPlatforms) = postSolution
		{43788498-3F55-4984-B02F-5B506650FF2F}.Debug|Any CPU.ActiveCfg = Debug|Any CPU
		{43788498-3F55-4984-B02F-5B506650FF2F}.Debug|Any CPU.Build.0 = Debug|Any CPU
		{43788498-3F55-4984-B02F-5B506650FF2F}.Release|Any CPU.ActiveCfg = Release|Any CPU
		{43788498-3F55-4984-B02F-5B506650FF2F}.Release|Any CPU.Build.0 = Release|Any CPU
	EndGlobalSection
	GlobalSection(SolutionProperties) = preSolution
		HideSolutionNode = FALSE
	EndGlobalSection
	GlobalSection(ExtensibilityGlobals) = postSolution
		SolutionGuid = {6DBE43CB-4D29-48C8-9007-ABBE94CC77E9}
	EndGlobalSection
EndGlobal
